
Microsoft Visual Studio Solution File, Format Version 12.00
# Visual Studio Version 16
VisualStudioVersion = 16.0.31624.102
MinimumVisualStudioVersion = 10.0.40219.1
Project("{FAE04EC0-301F-11D3-BF4B-00C04F79EFBC}") = "localPayCalc", "localPayCalc\localPayCalc.csproj", "{87728968-4743-4B92-BAF2-D6585EF54E22}"
EndProject
Global
	GlobalSection(SolutionConfigurationPlatforms) = preSolution
		Debug|Any CPU = Debug|Any CPU
		Release|Any CPU = Release|Any CPU
	EndGlobalSection
	GlobalSection(ProjectConfigurationPlatforms) = postSolution
		{87728968-4743-4B92-BAF2-D6585EF54E22}.Debug|Any CPU.ActiveCfg = Debug|Any CPU
		{87728968-4743-4B92-BAF2-D6585EF54E22}.Debug|Any CPU.Build.0 = Debug|Any CPU
		{87728968-4743-4B92-BAF2-D6585EF54E22}.Release|Any CPU.ActiveCfg = Release|Any CPU
		{87728968-4743-4B92-BAF2-D6585EF54E22}.Release|Any CPU.Build.0 = Release|Any CPU
	EndGlobalSection
	GlobalSection(SolutionProperties) = preSolution
		HideSolutionNode = FALSE
	EndGlobalSection
	GlobalSection(ExtensibilityGlobals) = postSolution
		SolutionGuid = {6085A7B2-8529-4306-BD98-63C049514F51}
	EndGlobalSection
EndGlobal
